// !$*UTF8*$!
{
	archiveVersion = 1;
	classes = {
	};
	objectVersion = 50;
	objects = {

/* Begin PBXBuildFile section */
		C975DD7D219B9F2100F552C7 /* AppDelegate.swift in Sources */ = {isa = PBXBuildFile; fileRef = C975DD7C219B9F2100F552C7 /* AppDelegate.swift */; };
		C975DD7F219B9F2100F552C7 /* ViewController.swift in Sources */ = {isa = PBXBuildFile; fileRef = C975DD7E219B9F2100F552C7 /* ViewController.swift */; };
		C975DD82219B9F2100F552C7 /* Main.storyboard in Resources */ = {isa = PBXBuildFile; fileRef = C975DD80219B9F2100F552C7 /* Main.storyboard */; };
		C975DD84219B9F2300F552C7 /* Assets.xcassets in Resources */ = {isa = PBXBuildFile; fileRef = C975DD83219B9F2300F552C7 /* Assets.xcassets */; };
		C975DD87219B9F2300F552C7 /* LaunchScreen.storyboard in Resources */ = {isa = PBXBuildFile; fileRef = C975DD85219B9F2300F552C7 /* LaunchScreen.storyboard */; };
		C975DD92219B9F2300F552C7 /* CalculatorAppTests.swift in Sources */ = {isa = PBXBuildFile; fileRef = C975DD91219B9F2300F552C7 /* CalculatorAppTests.swift */; };
		C975DD9D219B9F2300F552C7 /* CalculatorAppUITests.swift in Sources */ = {isa = PBXBuildFile; fileRef = C975DD9C219B9F2300F552C7 /* CalculatorAppUITests.swift */; };
/* End PBXBuildFile section */

/* Begin PBXContainerItemProxy section */
		C975DD8E219B9F2300F552C7 /* PBXContainerItemProxy */ = {
			isa = PBXContainerItemProxy;
			containerPortal = C975DD71219B9F2100F552C7 /* Project object */;
			proxyType = 1;
			remoteGlobalIDString = C975DD78219B9F2100F552C7;
			remoteInfo = CalculatorApp;
		};
		C975DD99219B9F2300F552C7 /* PBXContainerItemProxy */ = {
			isa = PBXContainerItemProxy;
			containerPortal = C975DD71219B9F2100F552C7 /* Project object */;
			proxyType = 1;
			remoteGlobalIDString = C975DD78219B9F2100F552C7;
			remoteInfo = CalculatorApp;
		};
/* End PBXContainerItemProxy section */

/* Begin PBXFileReference section */
		C975DD79219B9F2100F552C7 /* CalculatorApp.app */ = {isa = PBXFileReference; explicitFileType = wrapper.application; includeInIndex = 0; path = CalculatorApp.app; sourceTree = BUILT_PRODUCTS_DIR; };
		C975DD7C219B9F2100F552C7 /* AppDelegate.swift */ = {isa = PBXFileReference; lastKnownFileType = sourcecode.swift; path = AppDelegate.swift; sourceTree = "<group>"; };
		C975DD7E219B9F2100F552C7 /* ViewController.swift */ = {isa = PBXFileReference; lastKnownFileType = sourcecode.swift; path = ViewController.swift; sourceTree = "<group>"; };
		C975DD81219B9F2100F552C7 /* Base */ = {isa = PBXFileReference; lastKnownFileType = file.storyboard; name = Base; path = Base.lproj/Main.storyboard; sourceTree = "<group>"; };
		C975DD83219B9F2300F552C7 /* Assets.xcassets */ = {isa = PBXFileReference; lastKnownFileType = folder.assetcatalog; path = Assets.xcassets; sourceTree = "<group>"; };
		C975DD86219B9F2300F552C7 /* Base */ = {isa = PBXFileReference; lastKnownFileType = file.storyboard; name = Base; path = Base.lproj/LaunchScreen.storyboard; sourceTree = "<group>"; };
		C975DD88219B9F2300F552C7 /* Info.plist */ = {isa = PBXFileReference; lastKnownFileType = text.plist.xml; path = Info.plist; sourceTree = "<group>"; };
		C975DD8D219B9F2300F552C7 /* CalculatorAppTests.xctest */ = {isa = PBXFileReference; explicitFileType = wrapper.cfbundle; includeInIndex = 0; path = CalculatorAppTests.xctest; sourceTree = BUILT_PRODUCTS_DIR; };
		C975DD91219B9F2300F552C7 /* CalculatorAppTests.swift */ = {isa = PBXFileReference; lastKnownFileType = sourcecode.swift; path = CalculatorAppTests.swift; sourceTree = "<group>"; };
		C975DD93219B9F2300F552C7 /* Info.plist */ = {isa = PBXFileReference; lastKnownFileType = text.plist.xml; path = Info.plist; sourceTree = "<group>"; };
		C975DD98219B9F2300F552C7 /* CalculatorAppUITests.xctest */ = {isa = PBXFileReference; explicitFileType = wrapper.cfbundle; includeInIndex = 0; path = CalculatorAppUITests.xctest; sourceTree = BUILT_PRODUCTS_DIR; };
		C975DD9C219B9F2300F552C7 /* CalculatorAppUITests.swift */ = {isa = PBXFileReference; lastKnownFileType = sourcecode.swift; path = CalculatorAppUITests.swift; sourceTree = "<group>"; };
		C975DD9E219B9F2300F552C7 /* Info.plist */ = {isa = PBXFileReference; lastKnownFileType = text.plist.xml; path = Info.plist; sourceTree = "<group>"; };
/* End PBXFileReference section */

/* Begin PBXFrameworksBuildPhase section */
		C975DD76219B9F2100F552C7 /* Frameworks */ = {
			isa = PBXFrameworksBuildPhase;
			buildActionMask = 2147483647;
			files = (
			);
			runOnlyForDeploymentPostprocessing = 0;
		};
		C975DD8A219B9F2300F552C7 /* Frameworks */ = {
			isa = PBXFrameworksBuildPhase;
			buildActionMask = 2147483647;
			files = (
			);
			runOnlyForDeploymentPostprocessing = 0;
		};
		C975DD95219B9F2300F552C7 /* Frameworks */ = {
			isa = PBXFrameworksBuildPhase;
			buildActionMask = 2147483647;
			files = (
			);
			runOnlyForDeploymentPostprocessing = 0;
		};
/* End PBXFrameworksBuildPhase section */

/* Begin PBXGroup section */
		C975DD70219B9F2100F552C7 = {
			isa = PBXGroup;
			children = (
				C975DD7B219B9F2100F552C7 /* CalculatorApp */,
				C975DD90219B9F2300F552C7 /* CalculatorAppTests */,
				C975DD9B219B9F2300F552C7 /* CalculatorAppUITests */,
				C975DD7A219B9F2100F552C7 /* Products */,
			);
			sourceTree = "<group>";
		};
		C975DD7A219B9F2100F552C7 /* Products */ = {
			isa = PBXGroup;
			children = (
				C975DD79219B9F2100F552C7 /* CalculatorApp.app */,
				C975DD8D219B9F2300F552C7 /* CalculatorAppTests.xctest */,
				C975DD98219B9F2300F552C7 /* CalculatorAppUITests.xctest */,
			);
			name = Products;
			sourceTree = "<group>";
		};
		C975DD7B219B9F2100F552C7 /* CalculatorApp */ = {
			isa = PBXGroup;
			children = (
				C975DD7C219B9F2100F552C7 /* AppDelegate.swift */,
				C975DD7E219B9F2100F552C7 /* ViewController.swift */,
				C975DD80219B9F2100F552C7 /* Main.storyboard */,
				C975DD83219B9F2300F552C7 /* Assets.xcassets */,
				C975DD85219B9F2300F552C7 /* LaunchScreen.storyboard */,
				C975DD88219B9F2300F552C7 /* Info.plist */,
			);
			path = CalculatorApp;
			sourceTree = "<group>";
		};
		C975DD90219B9F2300F552C7 /* CalculatorAppTests */ = {
			isa = PBXGroup;
			children = (
				C975DD91219B9F2300F552C7 /* CalculatorAppTests.swift */,
				C975DD93219B9F2300F552C7 /* Info.plist */,
			);
			path = CalculatorAppTests;
			sourceTree = "<group>";
		};
		C975DD9B219B9F2300F552C7 /* CalculatorAppUITests */ = {
			isa = PBXGroup;
			children = (
				C975DD9C219B9F2300F552C7 /* CalculatorAppUITests.swift */,
				C975DD9E219B9F2300F552C7 /* Info.plist */,
			);
			path = CalculatorAppUITests;
			sourceTree = "<group>";
		};
/* End PBXGroup section */

/* Begin PBXNativeTarget section */
		C975DD78219B9F2100F552C7 /* CalculatorApp */ = {
			isa = PBXNativeTarget;
			buildConfigurationList = C975DDA1219B9F2300F552C7 /* Build configuration list for PBXNativeTarget "CalculatorApp" */;
			buildPhases = (
				C975DD75219B9F2100F552C7 /* Sources */,
				C975DD76219B9F2100F552C7 /* Frameworks */,
				C975DD77219B9F2100F552C7 /* Resources */,
			);
			buildRules = (
			);
			dependencies = (
			);
			name = CalculatorApp;
			productName = CalculatorApp;
			productReference = C975DD79219B9F2100F552C7 /* CalculatorApp.app */;
			productType = "com.apple.product-type.application";
		};
		C975DD8C219B9F2300F552C7 /* CalculatorAppTests */ = {
			isa = PBXNativeTarget;
			buildConfigurationList = C975DDA4219B9F2300F552C7 /* Build configuration list for PBXNativeTarget "CalculatorAppTests" */;
			buildPhases = (
				C975DD89219B9F2300F552C7 /* Sources */,
				C975DD8A219B9F2300F552C7 /* Frameworks */,
				C975DD8B219B9F2300F552C7 /* Resources */,
			);
			buildRules = (
			);
			dependencies = (
				C975DD8F219B9F2300F552C7 /* PBXTargetDependency */,
			);
			name = CalculatorAppTests;
			productName = CalculatorAppTests;
			productReference = C975DD8D219B9F2300F552C7 /* CalculatorAppTests.xctest */;
			productType = "com.apple.product-type.bundle.unit-test";
		};
		C975DD97219B9F2300F552C7 /* CalculatorAppUITests */ = {
			isa = PBXNativeTarget;
			buildConfigurationList = C975DDA7219B9F2300F552C7 /* Build configuration list for PBXNativeTarget "CalculatorAppUITests" */;
			buildPhases = (
				C975DD94219B9F2300F552C7 /* Sources */,
				C975DD95219B9F2300F552C7 /* Frameworks */,
				C975DD96219B9F2300F552C7 /* Resources */,
			);
			buildRules = (
			);
			dependencies = (
				C975DD9A219B9F2300F552C7 /* PBXTargetDependency */,
			);
			name = CalculatorAppUITests;
			productName = CalculatorAppUITests;
			productReference = C975DD98219B9F2300F552C7 /* CalculatorAppUITests.xctest */;
			productType = "com.apple.product-type.bundle.ui-testing";
		};
/* End PBXNativeTarget section */

/* Begin PBXProject section */
		C975DD71219B9F2100F552C7 /* Project object */ = {
			isa = PBXProject;
			attributes = {
				LastSwiftUpdateCheck = 0940;
				LastUpgradeCheck = 0940;
				ORGANIZATIONNAME = Matt_Mejia;
				TargetAttributes = {
					C975DD78219B9F2100F552C7 = {
						CreatedOnToolsVersion = 9.4.1;
					};
					C975DD8C219B9F2300F552C7 = {
						CreatedOnToolsVersion = 9.4.1;
						TestTargetID = C975DD78219B9F2100F552C7;
					};
					C975DD97219B9F2300F552C7 = {
						CreatedOnToolsVersion = 9.4.1;
						TestTargetID = C975DD78219B9F2100F552C7;
					};
				};
			};
			buildConfigurationList = C975DD74219B9F2100F552C7 /* Build configuration list for PBXProject "CalculatorApp" */;
			compatibilityVersion = "Xcode 9.3";
			developmentRegion = en;
			hasScannedForEncodings = 0;
			knownRegions = (
				en,
				Base,
			);
			mainGroup = C975DD70219B9F2100F552C7;
			productRefGroup = C975DD7A219B9F2100F552C7 /* Products */;
			projectDirPath = "";
			projectRoot = "";
			targets = (
				C975DD78219B9F2100F552C7 /* CalculatorApp */,
				C975DD8C219B9F2300F552C7 /* CalculatorAppTests */,
				C975DD97219B9F2300F552C7 /* CalculatorAppUITests */,
			);
		};
/* End PBXProject section */

/* Begin PBXResourcesBuildPhase section */
		C975DD77219B9F2100F552C7 /* Resources */ = {
			isa = PBXResourcesBuildPhase;
			buildActionMask = 2147483647;
			files = (
				C975DD87219B9F2300F552C7 /* LaunchScreen.storyboard in Resources */,
				C975DD84219B9F2300F552C7 /* Assets.xcassets in Resources */,
				C975DD82219B9F2100F552C7 /* Main.storyboard in Resources */,
			);
			runOnlyForDeploymentPostprocessing = 0;
		};
		C975DD8B219B9F2300F552C7 /* Resources */ = {
			isa = PBXResourcesBuildPhase;
			buildActionMask = 2147483647;
			files = (
			);
			runOnlyForDeploymentPostprocessing = 0;
		};
		C975DD96219B9F2300F552C7 /* Resources */ = {
			isa = PBXResourcesBuildPhase;
			buildActionMask = 2147483647;
			files = (
			);
			runOnlyForDeploymentPostprocessing = 0;
		};
/* End PBXResourcesBuildPhase section */

/* Begin PBXSourcesBuildPhase section */
		C975DD75219B9F2100F552C7 /* Sources */ = {
			isa = PBXSourcesBuildPhase;
			buildActionMask = 2147483647;
			files = (
				C975DD7F219B9F2100F552C7 /* ViewController.swift in Sources */,
				C975DD7D219B9F2100F552C7 /* AppDelegate.swift in Sources */,
			);
			runOnlyForDeploymentPostprocessing = 0;
		};
		C975DD89219B9F2300F552C7 /* Sources */ = {
			isa = PBXSourcesBuildPhase;
			buildActionMask = 2147483647;
			files = (
				C975DD92219B9F2300F552C7 /* CalculatorAppTests.swift in Sources */,
			);
			runOnlyForDeploymentPostprocessing = 0;
		};
		C975DD94219B9F2300F552C7 /* Sources */ = {
			isa = PBXSourcesBuildPhase;
			buildActionMask = 2147483647;
			files = (
				C975DD9D219B9F2300F552C7 /* CalculatorAppUITests.swift in Sources */,
			);
			runOnlyForDeploymentPostprocessing = 0;
		};
/* End PBXSourcesBuildPhase section */

/* Begin PBXTargetDependency section */
		C975DD8F219B9F2300F552C7 /* PBXTargetDependency */ = {
			isa = PBXTargetDependency;
			target = C975DD78219B9F2100F552C7 /* CalculatorApp */;
			targetProxy = C975DD8E219B9F2300F552C7 /* PBXContainerItemProxy */;
		};
		C975DD9A219B9F2300F552C7 /* PBXTargetDependency */ = {
			isa = PBXTargetDependency;
			target = C975DD78219B9F2100F552C7 /* CalculatorApp */;
			targetProxy = C975DD99219B9F2300F552C7 /* PBXContainerItemProxy */;
		};
/* End PBXTargetDependency section */

/* Begin PBXVariantGroup section */
		C975DD80219B9F2100F552C7 /* Main.storyboard */ = {
			isa = PBXVariantGroup;
			children = (
				C975DD81219B9F2100F552C7 /* Base */,
			);
			name = Main.storyboard;
			sourceTree = "<group>";
		};
		C975DD85219B9F2300F552C7 /* LaunchScreen.storyboard */ = {
			isa = PBXVariantGroup;
			children = (
				C975DD86219B9F2300F552C7 /* Base */,
			);
			name = LaunchScreen.storyboard;
			sourceTree = "<group>";
		};
/* End PBXVariantGroup section */

/* Begin XCBuildConfiguration section */
		C975DD9F219B9F2300F552C7 /* Debug */ = {
			isa = XCBuildConfiguration;
			buildSettings = {
				ALWAYS_SEARCH_USER_PATHS = NO;
				CLANG_ANALYZER_NONNULL = YES;
				CLANG_ANALYZER_NUMBER_OBJECT_CONVERSION = YES_AGGRESSIVE;
				CLANG_CXX_LANGUAGE_STANDARD = "gnu++14";
				CLANG_CXX_LIBRARY = "libc++";
				CLANG_ENABLE_MODULES = YES;
				CLANG_ENABLE_OBJC_ARC = YES;
				CLANG_ENABLE_OBJC_WEAK = YES;
				CLANG_WARN_BLOCK_CAPTURE_AUTORELEASING = YES;
				CLANG_WARN_BOOL_CONVERSION = YES;
				CLANG_WARN_COMMA = YES;
				CLANG_WARN_CONSTANT_CONVERSION = YES;
				CLANG_WARN_DEPRECATED_OBJC_IMPLEMENTATIONS = YES;
				CLANG_WARN_DIRECT_OBJC_ISA_USAGE = YES_ERROR;
				CLANG_WARN_DOCUMENTATION_COMMENTS = YES;
				CLANG_WARN_EMPTY_BODY = YES;
				CLANG_WARN_ENUM_CONVERSION = YES;
				CLANG_WARN_INFINITE_RECURSION = YES;
				CLANG_WARN_INT_CONVERSION = YES;
				CLANG_WARN_NON_LITERAL_NULL_CONVERSION = YES;
				CLANG_WARN_OBJC_IMPLICIT_RETAIN_SELF = YES;
				CLANG_WARN_OBJC_LITERAL_CONVERSION = YES;
				CLANG_WARN_OBJC_ROOT_CLASS = YES_ERROR;
				CLANG_WARN_RANGE_LOOP_ANALYSIS = YES;
				CLANG_WARN_STRICT_PROTOTYPES = YES;
				CLANG_WARN_SUSPICIOUS_MOVE = YES;
				CLANG_WARN_UNGUARDED_AVAILABILITY = YES_AGGRESSIVE;
				CLANG_WARN_UNREACHABLE_CODE = YES;
				CLANG_WARN__DUPLICATE_METHOD_MATCH = YES;
				CODE_SIGN_IDENTITY = "iPhone Developer";
				COPY_PHASE_STRIP = NO;
				DEBUG_INFORMATION_FORMAT = dwarf;
				ENABLE_STRICT_OBJC_MSGSEND = YES;
				ENABLE_TESTABILITY = YES;
				GCC_C_LANGUAGE_STANDARD = gnu11;
				GCC_DYNAMIC_NO_PIC = NO;
				GCC_NO_COMMON_BLOCKS = YES;
				GCC_OPTIMIZATION_LEVEL = 0;
				GCC_PREPROCESSOR_DEFINITIONS = (
					"DEBUG=1",
					"$(inherited)",
				);
				GCC_WARN_64_TO_32_BIT_CONVERSION = YES;
				GCC_WARN_ABOUT_RETURN_TYPE = YES_ERROR;
				GCC_WARN_UNDECLARED_SELECTOR = YES;
				GCC_WARN_UNINITIALIZED_AUTOS = YES_AGGRESSIVE;
				GCC_WARN_UNUSED_FUNCTION = YES;
				GCC_WARN_UNUSED_VARIABLE = YES;
				IPHONEOS_DEPLOYMENT_TARGET = 11.4;
				MTL_ENABLE_DEBUG_INFO = YES;
				ONLY_ACTIVE_ARCH = YES;
				SDKROOT = iphoneos;
				SWIFT_ACTIVE_COMPILATION_CONDITIONS = DEBUG;
				SWIFT_OPTIMIZATION_LEVEL = "-Onone";
			};
			name = Debug;
		};
		C975DDA0219B9F2300F552C7 /* Release */ = {
			isa = XCBuildConfiguration;
			buildSettings = {
				ALWAYS_SEARCH_USER_PATHS = NO;
				CLANG_ANALYZER_NONNULL = YES;
				CLANG_ANALYZER_NUMBER_OBJECT_CONVERSION = YES_AGGRESSIVE;
				CLANG_CXX_LANGUAGE_STANDARD = "gnu++14";
				CLANG_CXX_LIBRARY = "libc++";
				CLANG_ENABLE_MODULES = YES;
				CLANG_ENABLE_OBJC_ARC = YES;
				CLANG_ENABLE_OBJC_WEAK = YES;
				CLANG_WARN_BLOCK_CAPTURE_AUTORELEASING = YES;
				CLANG_WARN_BOOL_CONVERSION = YES;
				CLANG_WARN_COMMA = YES;
				CLANG_WARN_CONSTANT_CONVERSION = YES;
				CLANG_WARN_DEPRECATED_OBJC_IMPLEMENTATIONS = YES;
				CLANG_WARN_DIRECT_OBJC_ISA_USAGE = YES_ERROR;
				CLANG_WARN_DOCUMENTATION_COMMENTS = YES;
				CLANG_WARN_EMPTY_BODY = YES;
				CLANG_WARN_ENUM_CONVERSION = YES;
				CLANG_WARN_INFINITE_RECURSION = YES;
				CLANG_WARN_INT_CONVERSION = YES;
				CLANG_WARN_NON_LITERAL_NULL_CONVERSION = YES;
				CLANG_WARN_OBJC_IMPLICIT_RETAIN_SELF = YES;
				CLANG_WARN_OBJC_LITERAL_CONVERSION = YES;
				CLANG_WARN_OBJC_ROOT_CLASS = YES_ERROR;
				CLANG_WARN_RANGE_LOOP_ANALYSIS = YES;
				CLANG_WARN_STRICT_PROTOTYPES = YES;
				CLANG_WARN_SUSPICIOUS_MOVE = YES;
				CLANG_WARN_UNGUARDED_AVAILABILITY = YES_AGGRESSIVE;
				CLANG_WARN_UNREACHABLE_CODE = YES;
				CLANG_WARN__DUPLICATE_METHOD_MATCH = YES;
				CODE_SIGN_IDENTITY = "iPhone Developer";
				COPY_PHASE_STRIP = NO;
				DEBUG_INFORMATION_FORMAT = "dwarf-with-dsym";
				ENABLE_NS_ASSERTIONS = NO;
				ENABLE_STRICT_OBJC_MSGSEND = YES;
				GCC_C_LANGUAGE_STANDARD = gnu11;
				GCC_NO_COMMON_BLOCKS = YES;
				GCC_WARN_64_TO_32_BIT_CONVERSION = YES;
				GCC_WARN_ABOUT_RETURN_TYPE = YES_ERROR;
				GCC_WARN_UNDECLARED_SELECTOR = YES;
				GCC_WARN_UNINITIALIZED_AUTOS = YES_AGGRESSIVE;
				GCC_WARN_UNUSED_FUNCTION = YES;
				GCC_WARN_UNUSED_VARIABLE = YES;
				IPHONEOS_DEPLOYMENT_TARGET = 11.4;
				MTL_ENABLE_DEBUG_INFO = NO;
				SDKROOT = iphoneos;
				SWIFT_COMPILATION_MODE = wholemodule;
				SWIFT_OPTIMIZATION_LEVEL = "-O";
				VALIDATE_PRODUCT = YES;
			};
			name = Release;
		};
		C975DDA2219B9F2300F552C7 /* Debug */ = {
			isa = XCBuildConfiguration;
			buildSettings = {
				ASSETCATALOG_COMPILER_APPICON_NAME = AppIcon;
				CODE_SIGN_STYLE = Automatic;
				INFOPLIST_FILE = CalculatorApp/Info.plist;
				LD_RUNPATH_SEARCH_PATHS = (
					"$(inherited)",
					"@executable_path/Frameworks",
				);
				PRODUCT_BUNDLE_IDENTIFIER = "Matt-Mejia.CalculatorApp";
				PRODUCT_NAME = "$(TARGET_NAME)";
				SWIFT_VERSION = 4.0;
				TARGETED_DEVICE_FAMILY = "1,2";
			};
			name = Debug;
		};
		C975DDA3219B9F2300F552C7 /* Release */ = {
			isa = XCBuildConfiguration;
			buildSettings = {
				ASSETCATALOG_COMPILER_APPICON_NAME = AppIcon;
				CODE_SIGN_STYLE = Automatic;
				INFOPLIST_FILE = CalculatorApp/Info.plist;
				LD_RUNPATH_SEARCH_PATHS = (
					"$(inherited)",
					"@executable_path/Frameworks",
				);
				PRODUCT_BUNDLE_IDENTIFIER = "Matt-Mejia.CalculatorApp";
				PRODUCT_NAME = "$(TARGET_NAME)";
				SWIFT_VERSION = 4.0;
				TARGETED_DEVICE_FAMILY = "1,2";
			};
			name = Release;
		};
		C975DDA5219B9F2300F552C7 /* Debug */ = {
			isa = XCBuildConfiguration;
			buildSettings = {
				ALWAYS_EMBED_SWIFT_STANDARD_LIBRARIES = YES;
				BUNDLE_LOADER = "$(TEST_HOST)";
				CODE_SIGN_STYLE = Automatic;
				INFOPLIST_FILE = CalculatorAppTests/Info.plist;
				LD_RUNPATH_SEARCH_PATHS = (
					"$(inherited)",
					"@executable_path/Frameworks",
					"@loader_path/Frameworks",
				);
				PRODUCT_BUNDLE_IDENTIFIER = "Matt-Mejia.CalculatorAppTests";
				PRODUCT_NAME = "$(TARGET_NAME)";
				SWIFT_VERSION = 4.0;
				TARGETED_DEVICE_FAMILY = "1,2";
				TEST_HOST = "$(BUILT_PRODUCTS_DIR)/CalculatorApp.app/CalculatorApp";
			};
			name = Debug;
		};
		C975DDA6219B9F2300F552C7 /* Release */ = {
			isa = XCBuildConfiguration;
			buildSettings = {
				ALWAYS_EMBED_SWIFT_STANDARD_LIBRARIES = YES;
				BUNDLE_LOADER = "$(TEST_HOST)";
				CODE_SIGN_STYLE = Automatic;
				INFOPLIST_FILE = CalculatorAppTests/Info.plist;
				LD_RUNPATH_SEARCH_PATHS = (
					"$(inherited)",
					"@executable_path/Frameworks",
					"@loader_path/Frameworks",
				);
				PRODUCT_BUNDLE_IDENTIFIER = "Matt-Mejia.CalculatorAppTests";
				PRODUCT_NAME = "$(TARGET_NAME)";
				SWIFT_VERSION = 4.0;
				TARGETED_DEVICE_FAMILY = "1,2";
				TEST_HOST = "$(BUILT_PRODUCTS_DIR)/CalculatorApp.app/CalculatorApp";
			};
			name = Release;
		};
		C975DDA8219B9F2300F552C7 /* Debug */ = {
			isa = XCBuildConfiguration;
			buildSettings = {
				ALWAYS_EMBED_SWIFT_STANDARD_LIBRARIES = YES;
				CODE_SIGN_STYLE = Automatic;
				INFOPLIST_FILE = CalculatorAppUITests/Info.plist;
				LD_RUNPATH_SEARCH_PATHS = (
					"$(inherited)",
					"@executable_path/Frameworks",
					"@loader_path/Frameworks",
				);
				PRODUCT_BUNDLE_IDENTIFIER = "Matt-Mejia.CalculatorAppUITests";
				PRODUCT_NAME = "$(TARGET_NAME)";
				SWIFT_VERSION = 4.0;
				TARGETED_DEVICE_FAMILY = "1,2";
				TEST_TARGET_NAME = CalculatorApp;
			};
			name = Debug;
		};
		C975DDA9219B9F2300F552C7 /* Release */ = {
			isa = XCBuildConfiguration;
			buildSettings = {
				ALWAYS_EMBED_SWIFT_STANDARD_LIBRARIES = YES;
				CODE_SIGN_STYLE = Automatic;
				INFOPLIST_FILE = CalculatorAppUITests/Info.plist;
				LD_RUNPATH_SEARCH_PATHS = (
					"$(inherited)",
					"@executable_path/Frameworks",
					"@loader_path/Frameworks",
				);
				PRODUCT_BUNDLE_IDENTIFIER = "Matt-Mejia.CalculatorAppUITests";
				PRODUCT_NAME = "$(TARGET_NAME)";
				SWIFT_VERSION = 4.0;
				TARGETED_DEVICE_FAMILY = "1,2";
				TEST_TARGET_NAME = CalculatorApp;
			};
			name = Release;
		};
/* End XCBuildConfiguration section */

/* Begin XCConfigurationList section */
		C975DD74219B9F2100F552C7 /* Build configuration list for PBXProject "CalculatorApp" */ = {
			isa = XCConfigurationList;
			buildConfigurations = (
				C975DD9F219B9F2300F552C7 /* Debug */,
				C975DDA0219B9F2300F552C7 /* Release */,
			);
			defaultConfigurationIsVisible = 0;
			defaultConfigurationName = Release;
		};
		C975DDA1219B9F2300F552C7 /* Build configuration list for PBXNativeTarget "CalculatorApp" */ = {
			isa = XCConfigurationList;
			buildConfigurations = (
				C975DDA2219B9F2300F552C7 /* Debug */,
				C975DDA3219B9F2300F552C7 /* Release */,
			);
			defaultConfigurationIsVisible = 0;
			defaultConfigurationName = Release;
		};
		C975DDA4219B9F2300F552C7 /* Build configuration list for PBXNativeTarget "CalculatorAppTests" */ = {
			isa = XCConfigurationList;
			buildConfigurations = (
				C975DDA5219B9F2300F552C7 /* Debug */,
				C975DDA6219B9F2300F552C7 /* Release */,
			);
			defaultConfigurationIsVisible = 0;
			defaultConfigurationName = Release;
		};
		C975DDA7219B9F2300F552C7 /* Build configuration list for PBXNativeTarget "CalculatorAppUITests" */ = {
			isa = XCConfigurationList;
			buildConfigurations = (
				C975DDA8219B9F2300F552C7 /* Debug */,
				C975DDA9219B9F2300F552C7 /* Release */,
			);
			defaultConfigurationIsVisible = 0;
			defaultConfigurationName = Release;
		};
/* End XCConfigurationList section */
	};
	rootObject = C975DD71219B9F2100F552C7 /* Project object */;
}
