// !$*UTF8*$!
{
	archiveVersion = 1;
	classes = {
	};
	objectVersion = 50;
	objects = {

/* Begin PBXBuildFile section */
		C9FC75CA21A20128005C0287 /* AppDelegate.swift in Sources */ = {isa = PBXBuildFile; fileRef = C9FC75C921A20128005C0287 /* AppDelegate.swift */; };
		C9FC75CC21A20128005C0287 /* ViewController.swift in Sources */ = {isa = PBXBuildFile; fileRef = C9FC75CB21A20128005C0287 /* ViewController.swift */; };
		C9FC75CF21A20128005C0287 /* Main.storyboard in Resources */ = {isa = PBXBuildFile; fileRef = C9FC75CD21A20128005C0287 /* Main.storyboard */; };
		C9FC75D121A20128005C0287 /* Assets.xcassets in Resources */ = {isa = PBXBuildFile; fileRef = C9FC75D021A20128005C0287 /* Assets.xcassets */; };
		C9FC75D421A20128005C0287 /* LaunchScreen.storyboard in Resources */ = {isa = PBXBuildFile; fileRef = C9FC75D221A20128005C0287 /* LaunchScreen.storyboard */; };
		C9FC75DF21A20128005C0287 /* DiceeTests.swift in Sources */ = {isa = PBXBuildFile; fileRef = C9FC75DE21A20128005C0287 /* DiceeTests.swift */; };
		C9FC75EA21A20128005C0287 /* DiceeUITests.swift in Sources */ = {isa = PBXBuildFile; fileRef = C9FC75E921A20128005C0287 /* DiceeUITests.swift */; };
/* End PBXBuildFile section */

/* Begin PBXContainerItemProxy section */
		C9FC75DB21A20128005C0287 /* PBXContainerItemProxy */ = {
			isa = PBXContainerItemProxy;
			containerPortal = C9FC75BE21A20128005C0287 /* Project object */;
			proxyType = 1;
			remoteGlobalIDString = C9FC75C521A20128005C0287;
			remoteInfo = Dicee;
		};
		C9FC75E621A20128005C0287 /* PBXContainerItemProxy */ = {
			isa = PBXContainerItemProxy;
			containerPortal = C9FC75BE21A20128005C0287 /* Project object */;
			proxyType = 1;
			remoteGlobalIDString = C9FC75C521A20128005C0287;
			remoteInfo = Dicee;
		};
/* End PBXContainerItemProxy section */

/* Begin PBXFileReference section */
		C9FC75C621A20128005C0287 /* Dicee.app */ = {isa = PBXFileReference; explicitFileType = wrapper.application; includeInIndex = 0; path = Dicee.app; sourceTree = BUILT_PRODUCTS_DIR; };
		C9FC75C921A20128005C0287 /* AppDelegate.swift */ = {isa = PBXFileReference; lastKnownFileType = sourcecode.swift; path = AppDelegate.swift; sourceTree = "<group>"; };
		C9FC75CB21A20128005C0287 /* ViewController.swift */ = {isa = PBXFileReference; lastKnownFileType = sourcecode.swift; path = ViewController.swift; sourceTree = "<group>"; };
		C9FC75CE21A20128005C0287 /* Base */ = {isa = PBXFileReference; lastKnownFileType = file.storyboard; name = Base; path = Base.lproj/Main.storyboard; sourceTree = "<group>"; };
		C9FC75D021A20128005C0287 /* Assets.xcassets */ = {isa = PBXFileReference; lastKnownFileType = folder.assetcatalog; path = Assets.xcassets; sourceTree = "<group>"; };
		C9FC75D321A20128005C0287 /* Base */ = {isa = PBXFileReference; lastKnownFileType = file.storyboard; name = Base; path = Base.lproj/LaunchScreen.storyboard; sourceTree = "<group>"; };
		C9FC75D521A20128005C0287 /* Info.plist */ = {isa = PBXFileReference; lastKnownFileType = text.plist.xml; path = Info.plist; sourceTree = "<group>"; };
		C9FC75DA21A20128005C0287 /* DiceeTests.xctest */ = {isa = PBXFileReference; explicitFileType = wrapper.cfbundle; includeInIndex = 0; path = DiceeTests.xctest; sourceTree = BUILT_PRODUCTS_DIR; };
		C9FC75DE21A20128005C0287 /* DiceeTests.swift */ = {isa = PBXFileReference; lastKnownFileType = sourcecode.swift; path = DiceeTests.swift; sourceTree = "<group>"; };
		C9FC75E021A20128005C0287 /* Info.plist */ = {isa = PBXFileReference; lastKnownFileType = text.plist.xml; path = Info.plist; sourceTree = "<group>"; };
		C9FC75E521A20128005C0287 /* DiceeUITests.xctest */ = {isa = PBXFileReference; explicitFileType = wrapper.cfbundle; includeInIndex = 0; path = DiceeUITests.xctest; sourceTree = BUILT_PRODUCTS_DIR; };
		C9FC75E921A20128005C0287 /* DiceeUITests.swift */ = {isa = PBXFileReference; lastKnownFileType = sourcecode.swift; path = DiceeUITests.swift; sourceTree = "<group>"; };
		C9FC75EB21A20128005C0287 /* Info.plist */ = {isa = PBXFileReference; lastKnownFileType = text.plist.xml; path = Info.plist; sourceTree = "<group>"; };
/* End PBXFileReference section */

/* Begin PBXFrameworksBuildPhase section */
		C9FC75C321A20128005C0287 /* Frameworks */ = {
			isa = PBXFrameworksBuildPhase;
			buildActionMask = 2147483647;
			files = (
			);
			runOnlyForDeploymentPostprocessing = 0;
		};
		C9FC75D721A20128005C0287 /* Frameworks */ = {
			isa = PBXFrameworksBuildPhase;
			buildActionMask = 2147483647;
			files = (
			);
			runOnlyForDeploymentPostprocessing = 0;
		};
		C9FC75E221A20128005C0287 /* Frameworks */ = {
			isa = PBXFrameworksBuildPhase;
			buildActionMask = 2147483647;
			files = (
			);
			runOnlyForDeploymentPostprocessing = 0;
		};
/* End PBXFrameworksBuildPhase section */

/* Begin PBXGroup section */
		C9FC75BD21A20128005C0287 = {
			isa = PBXGroup;
			children = (
				C9FC75C821A20128005C0287 /* Dicee */,
				C9FC75DD21A20128005C0287 /* DiceeTests */,
				C9FC75E821A20128005C0287 /* DiceeUITests */,
				C9FC75C721A20128005C0287 /* Products */,
			);
			sourceTree = "<group>";
		};
		C9FC75C721A20128005C0287 /* Products */ = {
			isa = PBXGroup;
			children = (
				C9FC75C621A20128005C0287 /* Dicee.app */,
				C9FC75DA21A20128005C0287 /* DiceeTests.xctest */,
				C9FC75E521A20128005C0287 /* DiceeUITests.xctest */,
			);
			name = Products;
			sourceTree = "<group>";
		};
		C9FC75C821A20128005C0287 /* Dicee */ = {
			isa = PBXGroup;
			children = (
				C9FC75C921A20128005C0287 /* AppDelegate.swift */,
				C9FC75CB21A20128005C0287 /* ViewController.swift */,
				C9FC75CD21A20128005C0287 /* Main.storyboard */,
				C9FC75D021A20128005C0287 /* Assets.xcassets */,
				C9FC75D221A20128005C0287 /* LaunchScreen.storyboard */,
				C9FC75D521A20128005C0287 /* Info.plist */,
			);
			path = Dicee;
			sourceTree = "<group>";
		};
		C9FC75DD21A20128005C0287 /* DiceeTests */ = {
			isa = PBXGroup;
			children = (
				C9FC75DE21A20128005C0287 /* DiceeTests.swift */,
				C9FC75E021A20128005C0287 /* Info.plist */,
			);
			path = DiceeTests;
			sourceTree = "<group>";
		};
		C9FC75E821A20128005C0287 /* DiceeUITests */ = {
			isa = PBXGroup;
			children = (
				C9FC75E921A20128005C0287 /* DiceeUITests.swift */,
				C9FC75EB21A20128005C0287 /* Info.plist */,
			);
			path = DiceeUITests;
			sourceTree = "<group>";
		};
/* End PBXGroup section */

/* Begin PBXNativeTarget section */
		C9FC75C521A20128005C0287 /* Dicee */ = {
			isa = PBXNativeTarget;
			buildConfigurationList = C9FC75EE21A20129005C0287 /* Build configuration list for PBXNativeTarget "Dicee" */;
			buildPhases = (
				C9FC75C221A20128005C0287 /* Sources */,
				C9FC75C321A20128005C0287 /* Frameworks */,
				C9FC75C421A20128005C0287 /* Resources */,
			);
			buildRules = (
			);
			dependencies = (
			);
			name = Dicee;
			productName = Dicee;
			productReference = C9FC75C621A20128005C0287 /* Dicee.app */;
			productType = "com.apple.product-type.application";
		};
		C9FC75D921A20128005C0287 /* DiceeTests */ = {
			isa = PBXNativeTarget;
			buildConfigurationList = C9FC75F121A20129005C0287 /* Build configuration list for PBXNativeTarget "DiceeTests" */;
			buildPhases = (
				C9FC75D621A20128005C0287 /* Sources */,
				C9FC75D721A20128005C0287 /* Frameworks */,
				C9FC75D821A20128005C0287 /* Resources */,
			);
			buildRules = (
			);
			dependencies = (
				C9FC75DC21A20128005C0287 /* PBXTargetDependency */,
			);
			name = DiceeTests;
			productName = DiceeTests;
			productReference = C9FC75DA21A20128005C0287 /* DiceeTests.xctest */;
			productType = "com.apple.product-type.bundle.unit-test";
		};
		C9FC75E421A20128005C0287 /* DiceeUITests */ = {
			isa = PBXNativeTarget;
			buildConfigurationList = C9FC75F421A20129005C0287 /* Build configuration list for PBXNativeTarget "DiceeUITests" */;
			buildPhases = (
				C9FC75E121A20128005C0287 /* Sources */,
				C9FC75E221A20128005C0287 /* Frameworks */,
				C9FC75E321A20128005C0287 /* Resources */,
			);
			buildRules = (
			);
			dependencies = (
				C9FC75E721A20128005C0287 /* PBXTargetDependency */,
			);
			name = DiceeUITests;
			productName = DiceeUITests;
			productReference = C9FC75E521A20128005C0287 /* DiceeUITests.xctest */;
			productType = "com.apple.product-type.bundle.ui-testing";
		};
/* End PBXNativeTarget section */

/* Begin PBXProject section */
		C9FC75BE21A20128005C0287 /* Project object */ = {
			isa = PBXProject;
			attributes = {
				LastSwiftUpdateCheck = 0940;
				LastUpgradeCheck = 0940;
				ORGANIZATIONNAME = Matt_Mejia;
				TargetAttributes = {
					C9FC75C521A20128005C0287 = {
						CreatedOnToolsVersion = 9.4.1;
					};
					C9FC75D921A20128005C0287 = {
						CreatedOnToolsVersion = 9.4.1;
						TestTargetID = C9FC75C521A20128005C0287;
					};
					C9FC75E421A20128005C0287 = {
						CreatedOnToolsVersion = 9.4.1;
						TestTargetID = C9FC75C521A20128005C0287;
					};
				};
			};
			buildConfigurationList = C9FC75C121A20128005C0287 /* Build configuration list for PBXProject "Dicee" */;
			compatibilityVersion = "Xcode 9.3";
			developmentRegion = en;
			hasScannedForEncodings = 0;
			knownRegions = (
				en,
				Base,
			);
			mainGroup = C9FC75BD21A20128005C0287;
			productRefGroup = C9FC75C721A20128005C0287 /* Products */;
			projectDirPath = "";
			projectRoot = "";
			targets = (
				C9FC75C521A20128005C0287 /* Dicee */,
				C9FC75D921A20128005C0287 /* DiceeTests */,
				C9FC75E421A20128005C0287 /* DiceeUITests */,
			);
		};
/* End PBXProject section */

/* Begin PBXResourcesBuildPhase section */
		C9FC75C421A20128005C0287 /* Resources */ = {
			isa = PBXResourcesBuildPhase;
			buildActionMask = 2147483647;
			files = (
				C9FC75D421A20128005C0287 /* LaunchScreen.storyboard in Resources */,
				C9FC75D121A20128005C0287 /* Assets.xcassets in Resources */,
				C9FC75CF21A20128005C0287 /* Main.storyboard in Resources */,
			);
			runOnlyForDeploymentPostprocessing = 0;
		};
		C9FC75D821A20128005C0287 /* Resources */ = {
			isa = PBXResourcesBuildPhase;
			buildActionMask = 2147483647;
			files = (
			);
			runOnlyForDeploymentPostprocessing = 0;
		};
		C9FC75E321A20128005C0287 /* Resources */ = {
			isa = PBXResourcesBuildPhase;
			buildActionMask = 2147483647;
			files = (
			);
			runOnlyForDeploymentPostprocessing = 0;
		};
/* End PBXResourcesBuildPhase section */

/* Begin PBXSourcesBuildPhase section */
		C9FC75C221A20128005C0287 /* Sources */ = {
			isa = PBXSourcesBuildPhase;
			buildActionMask = 2147483647;
			files = (
				C9FC75CC21A20128005C0287 /* ViewController.swift in Sources */,
				C9FC75CA21A20128005C0287 /* AppDelegate.swift in Sources */,
			);
			runOnlyForDeploymentPostprocessing = 0;
		};
		C9FC75D621A20128005C0287 /* Sources */ = {
			isa = PBXSourcesBuildPhase;
			buildActionMask = 2147483647;
			files = (
				C9FC75DF21A20128005C0287 /* DiceeTests.swift in Sources */,
			);
			runOnlyForDeploymentPostprocessing = 0;
		};
		C9FC75E121A20128005C0287 /* Sources */ = {
			isa = PBXSourcesBuildPhase;
			buildActionMask = 2147483647;
			files = (
				C9FC75EA21A20128005C0287 /* DiceeUITests.swift in Sources */,
			);
			runOnlyForDeploymentPostprocessing = 0;
		};
/* End PBXSourcesBuildPhase section */

/* Begin PBXTargetDependency section */
		C9FC75DC21A20128005C0287 /* PBXTargetDependency */ = {
			isa = PBXTargetDependency;
			target = C9FC75C521A20128005C0287 /* Dicee */;
			targetProxy = C9FC75DB21A20128005C0287 /* PBXContainerItemProxy */;
		};
		C9FC75E721A20128005C0287 /* PBXTargetDependency */ = {
			isa = PBXTargetDependency;
			target = C9FC75C521A20128005C0287 /* Dicee */;
			targetProxy = C9FC75E621A20128005C0287 /* PBXContainerItemProxy */;
		};
/* End PBXTargetDependency section */

/* Begin PBXVariantGroup section */
		C9FC75CD21A20128005C0287 /* Main.storyboard */ = {
			isa = PBXVariantGroup;
			children = (
				C9FC75CE21A20128005C0287 /* Base */,
			);
			name = Main.storyboard;
			sourceTree = "<group>";
		};
		C9FC75D221A20128005C0287 /* LaunchScreen.storyboard */ = {
			isa = PBXVariantGroup;
			children = (
				C9FC75D321A20128005C0287 /* Base */,
			);
			name = LaunchScreen.storyboard;
			sourceTree = "<group>";
		};
/* End PBXVariantGroup section */

/* Begin XCBuildConfiguration section */
		C9FC75EC21A20128005C0287 /* Debug */ = {
			isa = XCBuildConfiguration;
			buildSettings = {
				ALWAYS_SEARCH_USER_PATHS = NO;
				CLANG_ANALYZER_NONNULL = YES;
				CLANG_ANALYZER_NUMBER_OBJECT_CONVERSION = YES_AGGRESSIVE;
				CLANG_CXX_LANGUAGE_STANDARD = "gnu++14";
				CLANG_CXX_LIBRARY = "libc++";
				CLANG_ENABLE_MODULES = YES;
				CLANG_ENABLE_OBJC_ARC = YES;
				CLANG_ENABLE_OBJC_WEAK = YES;
				CLANG_WARN_BLOCK_CAPTURE_AUTORELEASING = YES;
				CLANG_WARN_BOOL_CONVERSION = YES;
				CLANG_WARN_COMMA = YES;
				CLANG_WARN_CONSTANT_CONVERSION = YES;
				CLANG_WARN_DEPRECATED_OBJC_IMPLEMENTATIONS = YES;
				CLANG_WARN_DIRECT_OBJC_ISA_USAGE = YES_ERROR;
				CLANG_WARN_DOCUMENTATION_COMMENTS = YES;
				CLANG_WARN_EMPTY_BODY = YES;
				CLANG_WARN_ENUM_CONVERSION = YES;
				CLANG_WARN_INFINITE_RECURSION = YES;
				CLANG_WARN_INT_CONVERSION = YES;
				CLANG_WARN_NON_LITERAL_NULL_CONVERSION = YES;
				CLANG_WARN_OBJC_IMPLICIT_RETAIN_SELF = YES;
				CLANG_WARN_OBJC_LITERAL_CONVERSION = YES;
				CLANG_WARN_OBJC_ROOT_CLASS = YES_ERROR;
				CLANG_WARN_RANGE_LOOP_ANALYSIS = YES;
				CLANG_WARN_STRICT_PROTOTYPES = YES;
				CLANG_WARN_SUSPICIOUS_MOVE = YES;
				CLANG_WARN_UNGUARDED_AVAILABILITY = YES_AGGRESSIVE;
				CLANG_WARN_UNREACHABLE_CODE = YES;
				CLANG_WARN__DUPLICATE_METHOD_MATCH = YES;
				CODE_SIGN_IDENTITY = "iPhone Developer";
				COPY_PHASE_STRIP = NO;
				DEBUG_INFORMATION_FORMAT = dwarf;
				ENABLE_STRICT_OBJC_MSGSEND = YES;
				ENABLE_TESTABILITY = YES;
				GCC_C_LANGUAGE_STANDARD = gnu11;
				GCC_DYNAMIC_NO_PIC = NO;
				GCC_NO_COMMON_BLOCKS = YES;
				GCC_OPTIMIZATION_LEVEL = 0;
				GCC_PREPROCESSOR_DEFINITIONS = (
					"DEBUG=1",
					"$(inherited)",
				);
				GCC_WARN_64_TO_32_BIT_CONVERSION = YES;
				GCC_WARN_ABOUT_RETURN_TYPE = YES_ERROR;
				GCC_WARN_UNDECLARED_SELECTOR = YES;
				GCC_WARN_UNINITIALIZED_AUTOS = YES_AGGRESSIVE;
				GCC_WARN_UNUSED_FUNCTION = YES;
				GCC_WARN_UNUSED_VARIABLE = YES;
				IPHONEOS_DEPLOYMENT_TARGET = 11.4;
				MTL_ENABLE_DEBUG_INFO = YES;
				ONLY_ACTIVE_ARCH = YES;
				SDKROOT = iphoneos;
				SWIFT_ACTIVE_COMPILATION_CONDITIONS = DEBUG;
				SWIFT_OPTIMIZATION_LEVEL = "-Onone";
			};
			name = Debug;
		};
		C9FC75ED21A20128005C0287 /* Release */ = {
			isa = XCBuildConfiguration;
			buildSettings = {
				ALWAYS_SEARCH_USER_PATHS = NO;
				CLANG_ANALYZER_NONNULL = YES;
				CLANG_ANALYZER_NUMBER_OBJECT_CONVERSION = YES_AGGRESSIVE;
				CLANG_CXX_LANGUAGE_STANDARD = "gnu++14";
				CLANG_CXX_LIBRARY = "libc++";
				CLANG_ENABLE_MODULES = YES;
				CLANG_ENABLE_OBJC_ARC = YES;
				CLANG_ENABLE_OBJC_WEAK = YES;
				CLANG_WARN_BLOCK_CAPTURE_AUTORELEASING = YES;
				CLANG_WARN_BOOL_CONVERSION = YES;
				CLANG_WARN_COMMA = YES;
				CLANG_WARN_CONSTANT_CONVERSION = YES;
				CLANG_WARN_DEPRECATED_OBJC_IMPLEMENTATIONS = YES;
				CLANG_WARN_DIRECT_OBJC_ISA_USAGE = YES_ERROR;
				CLANG_WARN_DOCUMENTATION_COMMENTS = YES;
				CLANG_WARN_EMPTY_BODY = YES;
				CLANG_WARN_ENUM_CONVERSION = YES;
				CLANG_WARN_INFINITE_RECURSION = YES;
				CLANG_WARN_INT_CONVERSION = YES;
				CLANG_WARN_NON_LITERAL_NULL_CONVERSION = YES;
				CLANG_WARN_OBJC_IMPLICIT_RETAIN_SELF = YES;
				CLANG_WARN_OBJC_LITERAL_CONVERSION = YES;
				CLANG_WARN_OBJC_ROOT_CLASS = YES_ERROR;
				CLANG_WARN_RANGE_LOOP_ANALYSIS = YES;
				CLANG_WARN_STRICT_PROTOTYPES = YES;
				CLANG_WARN_SUSPICIOUS_MOVE = YES;
				CLANG_WARN_UNGUARDED_AVAILABILITY = YES_AGGRESSIVE;
				CLANG_WARN_UNREACHABLE_CODE = YES;
				CLANG_WARN__DUPLICATE_METHOD_MATCH = YES;
				CODE_SIGN_IDENTITY = "iPhone Developer";
				COPY_PHASE_STRIP = NO;
				DEBUG_INFORMATION_FORMAT = "dwarf-with-dsym";
				ENABLE_NS_ASSERTIONS = NO;
				ENABLE_STRICT_OBJC_MSGSEND = YES;
				GCC_C_LANGUAGE_STANDARD = gnu11;
				GCC_NO_COMMON_BLOCKS = YES;
				GCC_WARN_64_TO_32_BIT_CONVERSION = YES;
				GCC_WARN_ABOUT_RETURN_TYPE = YES_ERROR;
				GCC_WARN_UNDECLARED_SELECTOR = YES;
				GCC_WARN_UNINITIALIZED_AUTOS = YES_AGGRESSIVE;
				GCC_WARN_UNUSED_FUNCTION = YES;
				GCC_WARN_UNUSED_VARIABLE = YES;
				IPHONEOS_DEPLOYMENT_TARGET = 11.4;
				MTL_ENABLE_DEBUG_INFO = NO;
				SDKROOT = iphoneos;
				SWIFT_COMPILATION_MODE = wholemodule;
				SWIFT_OPTIMIZATION_LEVEL = "-O";
				VALIDATE_PRODUCT = YES;
			};
			name = Release;
		};
		C9FC75EF21A20129005C0287 /* Debug */ = {
			isa = XCBuildConfiguration;
			buildSettings = {
				ASSETCATALOG_COMPILER_APPICON_NAME = AppIcon;
				CODE_SIGN_STYLE = Automatic;
				INFOPLIST_FILE = Dicee/Info.plist;
				LD_RUNPATH_SEARCH_PATHS = (
					"$(inherited)",
					"@executable_path/Frameworks",
				);
				PRODUCT_BUNDLE_IDENTIFIER = "com.Matt-Mejia.Dicee";
				PRODUCT_NAME = "$(TARGET_NAME)";
				SWIFT_VERSION = 4.0;
				TARGETED_DEVICE_FAMILY = "1,2";
			};
			name = Debug;
		};
		C9FC75F021A20129005C0287 /* Release */ = {
			isa = XCBuildConfiguration;
			buildSettings = {
				ASSETCATALOG_COMPILER_APPICON_NAME = AppIcon;
				CODE_SIGN_STYLE = Automatic;
				INFOPLIST_FILE = Dicee/Info.plist;
				LD_RUNPATH_SEARCH_PATHS = (
					"$(inherited)",
					"@executable_path/Frameworks",
				);
				PRODUCT_BUNDLE_IDENTIFIER = "com.Matt-Mejia.Dicee";
				PRODUCT_NAME = "$(TARGET_NAME)";
				SWIFT_VERSION = 4.0;
				TARGETED_DEVICE_FAMILY = "1,2";
			};
			name = Release;
		};
		C9FC75F221A20129005C0287 /* Debug */ = {
			isa = XCBuildConfiguration;
			buildSettings = {
				ALWAYS_EMBED_SWIFT_STANDARD_LIBRARIES = YES;
				BUNDLE_LOADER = "$(TEST_HOST)";
				CODE_SIGN_STYLE = Automatic;
				INFOPLIST_FILE = DiceeTests/Info.plist;
				LD_RUNPATH_SEARCH_PATHS = (
					"$(inherited)",
					"@executable_path/Frameworks",
					"@loader_path/Frameworks",
				);
				PRODUCT_BUNDLE_IDENTIFIER = "com.Matt-Mejia.DiceeTests";
				PRODUCT_NAME = "$(TARGET_NAME)";
				SWIFT_VERSION = 4.0;
				TARGETED_DEVICE_FAMILY = "1,2";
				TEST_HOST = "$(BUILT_PRODUCTS_DIR)/Dicee.app/Dicee";
			};
			name = Debug;
		};
		C9FC75F321A20129005C0287 /* Release */ = {
			isa = XCBuildConfiguration;
			buildSettings = {
				ALWAYS_EMBED_SWIFT_STANDARD_LIBRARIES = YES;
				BUNDLE_LOADER = "$(TEST_HOST)";
				CODE_SIGN_STYLE = Automatic;
				INFOPLIST_FILE = DiceeTests/Info.plist;
				LD_RUNPATH_SEARCH_PATHS = (
					"$(inherited)",
					"@executable_path/Frameworks",
					"@loader_path/Frameworks",
				);
				PRODUCT_BUNDLE_IDENTIFIER = "com.Matt-Mejia.DiceeTests";
				PRODUCT_NAME = "$(TARGET_NAME)";
				SWIFT_VERSION = 4.0;
				TARGETED_DEVICE_FAMILY = "1,2";
				TEST_HOST = "$(BUILT_PRODUCTS_DIR)/Dicee.app/Dicee";
			};
			name = Release;
		};
		C9FC75F521A20129005C0287 /* Debug */ = {
			isa = XCBuildConfiguration;
			buildSettings = {
				ALWAYS_EMBED_SWIFT_STANDARD_LIBRARIES = YES;
				CODE_SIGN_STYLE = Automatic;
				INFOPLIST_FILE = DiceeUITests/Info.plist;
				LD_RUNPATH_SEARCH_PATHS = (
					"$(inherited)",
					"@executable_path/Frameworks",
					"@loader_path/Frameworks",
				);
				PRODUCT_BUNDLE_IDENTIFIER = "com.Matt-Mejia.DiceeUITests";
				PRODUCT_NAME = "$(TARGET_NAME)";
				SWIFT_VERSION = 4.0;
				TARGETED_DEVICE_FAMILY = "1,2";
				TEST_TARGET_NAME = Dicee;
			};
			name = Debug;
		};
		C9FC75F621A20129005C0287 /* Release */ = {
			isa = XCBuildConfiguration;
			buildSettings = {
				ALWAYS_EMBED_SWIFT_STANDARD_LIBRARIES = YES;
				CODE_SIGN_STYLE = Automatic;
				INFOPLIST_FILE = DiceeUITests/Info.plist;
				LD_RUNPATH_SEARCH_PATHS = (
					"$(inherited)",
					"@executable_path/Frameworks",
					"@loader_path/Frameworks",
				);
				PRODUCT_BUNDLE_IDENTIFIER = "com.Matt-Mejia.DiceeUITests";
				PRODUCT_NAME = "$(TARGET_NAME)";
				SWIFT_VERSION = 4.0;
				TARGETED_DEVICE_FAMILY = "1,2";
				TEST_TARGET_NAME = Dicee;
			};
			name = Release;
		};
/* End XCBuildConfiguration section */

/* Begin XCConfigurationList section */
		C9FC75C121A20128005C0287 /* Build configuration list for PBXProject "Dicee" */ = {
			isa = XCConfigurationList;
			buildConfigurations = (
				C9FC75EC21A20128005C0287 /* Debug */,
				C9FC75ED21A20128005C0287 /* Release */,
			);
			defaultConfigurationIsVisible = 0;
			defaultConfigurationName = Release;
		};
		C9FC75EE21A20129005C0287 /* Build configuration list for PBXNativeTarget "Dicee" */ = {
			isa = XCConfigurationList;
			buildConfigurations = (
				C9FC75EF21A20129005C0287 /* Debug */,
				C9FC75F021A20129005C0287 /* Release */,
			);
			defaultConfigurationIsVisible = 0;
			defaultConfigurationName = Release;
		};
		C9FC75F121A20129005C0287 /* Build configuration list for PBXNativeTarget "DiceeTests" */ = {
			isa = XCConfigurationList;
			buildConfigurations = (
				C9FC75F221A20129005C0287 /* Debug */,
				C9FC75F321A20129005C0287 /* Release */,
			);
			defaultConfigurationIsVisible = 0;
			defaultConfigurationName = Release;
		};
		C9FC75F421A20129005C0287 /* Build configuration list for PBXNativeTarget "DiceeUITests" */ = {
			isa = XCConfigurationList;
			buildConfigurations = (
				C9FC75F521A20129005C0287 /* Debug */,
				C9FC75F621A20129005C0287 /* Release */,
			);
			defaultConfigurationIsVisible = 0;
			defaultConfigurationName = Release;
		};
/* End XCConfigurationList section */
	};
	rootObject = C9FC75BE21A20128005C0287 /* Project object */;
}
